
Microsoft Visual Studio Solution File, Format Version 12.00
# Visual Studio 15
VisualStudioVersion = 15.0.27428.2037
MinimumVisualStudioVersion = 10.0.40219.1
Project("{FAE04EC0-301F-11D3-BF4B-00C04F79EFBC}") = "HarmanAssignment.WebApi", "HarmanAssignment\HarmanAssignment.WebApi.csproj", "{8CC51183-368A-4B85-8014-77368292DE52}"
EndProject
Project("{FAE04EC0-301F-11D3-BF4B-00C04F79EFBC}") = "BLL", "BLL\BLL.csproj", "{9C44DFE4-BD19-4743-BAA3-86F19C4651B4}"
EndProject
Global
	GlobalSection(SolutionConfigurationPlatforms) = preSolution
		Debug|Any CPU = Debug|Any CPU
		Release|Any CPU = Release|Any CPU
	EndGlobalSection
	GlobalSection(ProjectConfigurationPlatforms) = postSolution
		{8CC51183-368A-4B85-8014-77368292DE52}.Debug|Any CPU.ActiveCfg = Debug|Any CPU
		{8CC51183-368A-4B85-8014-77368292DE52}.Debug|Any CPU.Build.0 = Debug|Any CPU
		{8CC51183-368A-4B85-8014-77368292DE52}.Release|Any CPU.ActiveCfg = Release|Any CPU
		{8CC51183-368A-4B85-8014-77368292DE52}.Release|Any CPU.Build.0 = Release|Any CPU
		{9C44DFE4-BD19-4743-BAA3-86F19C4651B4}.Debug|Any CPU.ActiveCfg = Debug|Any CPU
		{9C44DFE4-BD19-4743-BAA3-86F19C4651B4}.Debug|Any CPU.Build.0 = Debug|Any CPU
		{9C44DFE4-BD19-4743-BAA3-86F19C4651B4}.Release|Any CPU.ActiveCfg = Release|Any CPU
		{9C44DFE4-BD19-4743-BAA3-86F19C4651B4}.Release|Any CPU.Build.0 = Release|Any CPU
	EndGlobalSection
	GlobalSection(SolutionProperties) = preSolution
		HideSolutionNode = FALSE
	EndGlobalSection
	GlobalSection(ExtensibilityGlobals) = postSolution
		SolutionGuid = {63CA9B72-A663-462C-9DAC-9915FAA0C63E}
	EndGlobalSection
EndGlobal
